<?xml version="1.0" encoding="utf-8"?>
<Project ToolsVersion="4.0" xmlns="http://schemas.microsoft.com/developer/msbuild/2003">
  <ItemGroup>
    <Filter Include="ソース ファイル">
      <UniqueIdentifier>{4FC737F1-C7A5-4376-A066-2A32D752A2FF}</UniqueIdentifier>
      <Extensions>cpp;c;cc;cxx;def;odl;idl;hpj;bat;asm;asmx</Extensions>
    </Filter>
    <Filter Include="ヘッダー ファイル">
      <UniqueIdentifier>{93995380-89BD-4b04-88EB-625FBE52EBFB}</UniqueIdentifier>
      <Extensions>h;hh;hpp;hxx;hm;inl;inc;ipp;xsd</Extensions>
    </Filter>
    <Filter Include="リソース ファイル">
      <UniqueIdentifier>{67DA6AB6-F800-4c08-8B7A-83BB121AAD01}</UniqueIdentifier>
      <Extensions>rc;ico;cur;bmp;dlg;rc2;rct;bin;rgs;gif;jpg;jpeg;jpe;resx;tiff;tif;png;wav;mfcribbon-ms</Extensions>
    </Filter>
    <Filter Include="シェーダーファイル">
      <UniqueIdentifier>{aa2489de-0aae-496a-880c-071c5f497759}</UniqueIdentifier>
    </Filter>
    <Filter Include="ソース ファイル\2d">
      <UniqueIdentifier>{45edd7b5-e1db-4299-834a-890b245e384f}</UniqueIdentifier>
    </Filter>
    <Filter Include="ソース ファイル\3d">
      <UniqueIdentifier>{d195d8ee-0b72-4c54-b406-cd5a4d7cec96}</UniqueIdentifier>
    </Filter>
    <Filter Include="ソース ファイル\Base">
      <UniqueIdentifier>{5689ac58-7ef5-4bc2-8ac3-3a6157bf6830}</UniqueIdentifier>
    </Filter>
    <Filter Include="ソース ファイル\Camera">
      <UniqueIdentifier>{fb53ce5d-c23b-45fb-a7f0-3c0bb88f3288}</UniqueIdentifier>
    </Filter>
    <Filter Include="ソース ファイル\Collision">
      <UniqueIdentifier>{ed4bbc44-87d6-40c0-9775-eba224bb481a}</UniqueIdentifier>
    </Filter>
    <Filter Include="ソース ファイル\FlameRate">
      <UniqueIdentifier>{06756c64-c569-4269-8ee6-a098307822ba}</UniqueIdentifier>
    </Filter>
    <Filter Include="ソース ファイル\Input">
      <UniqueIdentifier>{ad0e7589-3e4a-4b1c-b62f-43f4a1c61b90}</UniqueIdentifier>
    </Filter>
    <Filter Include="ソース ファイル\Scene">
      <UniqueIdentifier>{bb6becd9-fd9d-44a0-9fb4-c42d01b3f6cb}</UniqueIdentifier>
    </Filter>
    <Filter Include="ヘッダー ファイル\2d">
      <UniqueIdentifier>{983fa963-9dab-4247-8b19-a17c4a8784d8}</UniqueIdentifier>
    </Filter>
    <Filter Include="ヘッダー ファイル\3d">
      <UniqueIdentifier>{f64e0ccc-45e2-4045-880e-ae7175e7b0f3}</UniqueIdentifier>
    </Filter>
    <Filter Include="ヘッダー ファイル\Base">
      <UniqueIdentifier>{cc933450-6f29-41cf-a5c9-de86f6f0e330}</UniqueIdentifier>
    </Filter>
    <Filter Include="ヘッダー ファイル\Camera">
      <UniqueIdentifier>{a466dde5-d29f-49c2-a162-cbbc62728ff2}</UniqueIdentifier>
    </Filter>
    <Filter Include="ヘッダー ファイル\Collision">
      <UniqueIdentifier>{6d9b3e5d-15df-4c0f-ae6f-19ce4ba3a857}</UniqueIdentifier>
    </Filter>
    <Filter Include="ヘッダー ファイル\FlameRate">
      <UniqueIdentifier>{52dc5242-7e65-4db7-bcc7-f8c407768457}</UniqueIdentifier>
    </Filter>
    <Filter Include="ヘッダー ファイル\Input">
      <UniqueIdentifier>{0273a4fb-0678-4857-84fd-526488663a08}</UniqueIdentifier>
    </Filter>
    <Filter Include="ヘッダー ファイル\Scene">
      <UniqueIdentifier>{93074f23-6987-41c3-ad54-60bccc4e9490}</UniqueIdentifier>
    </Filter>
    <Filter Include="ヘッダー ファイル\Light">
      <UniqueIdentifier>{1401114e-042d-4aec-9de5-99d83cce13f5}</UniqueIdentifier>
    </Filter>
    <Filter Include="ソース ファイル\Light">
      <UniqueIdentifier>{39611dd4-c879-49fd-b252-40c25602a1b7}</UniqueIdentifier>
    </Filter>
    <Filter Include="ソース ファイル\Element">
      <UniqueIdentifier>{93f1dc34-1b65-4c5f-b134-67ce2566ad46}</UniqueIdentifier>
    </Filter>
    <Filter Include="ヘッダー ファイル\Element">
      <UniqueIdentifier>{911e5d5d-9968-4b59-8522-d17565875b0e}</UniqueIdentifier>
    </Filter>
    <Filter Include="ソース ファイル\Manager">
      <UniqueIdentifier>{7dcbc667-a3e5-4444-838d-719b4a9d8f60}</UniqueIdentifier>
    </Filter>
    <Filter Include="ヘッダー ファイル\Manager">
      <UniqueIdentifier>{4341b10a-1945-4d8b-b8de-7741a6aff0d1}</UniqueIdentifier>
    </Filter>
    <Filter Include="ソース ファイル\Particle">
      <UniqueIdentifier>{bfd162db-47a4-457d-aad0-a8a579608018}</UniqueIdentifier>
    </Filter>
    <Filter Include="ヘッダー ファイル\Particle">
      <UniqueIdentifier>{b2344298-02e0-4867-9980-81be5195b062}</UniqueIdentifier>
    </Filter>
    <Filter Include="ソース ファイル\Data">
      <UniqueIdentifier>{6740f7ab-018c-4e01-a336-55111df4ac95}</UniqueIdentifier>
    </Filter>
    <Filter Include="ヘッダー ファイル\Data">
      <UniqueIdentifier>{ad844288-a9b7-479d-bbda-e8c23f5b8147}</UniqueIdentifier>
    </Filter>
  </ItemGroup>
  <ItemGroup>
    <ClCompile Include="main.cpp">
      <Filter>ソース ファイル</Filter>
    </ClCompile>
    <ClCompile Include="3d\FbxLoader.cpp">
      <Filter>ソース ファイル\3d</Filter>
    </ClCompile>
    <ClCompile Include="3d\FbxModel.cpp">
      <Filter>ソース ファイル\3d</Filter>
    </ClCompile>
    <ClCompile Include="2d\DebugText.cpp">
      <Filter>ソース ファイル\2d</Filter>
    </ClCompile>
    <ClCompile Include="audio\Audio.cpp">
      <Filter>ソース ファイル\Base</Filter>
    </ClCompile>
    <ClCompile Include="camera\DebugCamera.cpp">
      <Filter>ソース ファイル\Camera</Filter>
    </ClCompile>
    <ClCompile Include="camera\Camera.cpp">
      <Filter>ソース ファイル\Camera</Filter>
    </ClCompile>
    <ClCompile Include="base\DirectXCommon.cpp">
      <Filter>ソース ファイル\Base</Filter>
    </ClCompile>
    <ClCompile Include="scene\GameScene.cpp">
      <Filter>ソース ファイル\Scene</Filter>
    </ClCompile>
    <ClCompile Include="input\Input.cpp">
      <Filter>ソース ファイル\Input</Filter>
    </ClCompile>
    <ClCompile Include="2d\Sprite.cpp">
      <Filter>ソース ファイル\2d</Filter>
    </ClCompile>
    <ClCompile Include="base\WinApp.cpp">
      <Filter>ソース ファイル\Base</Filter>
    </ClCompile>
    <ClCompile Include="3d\ParticleManager.cpp">
      <Filter>ソース ファイル\2d</Filter>
    </ClCompile>
    <ClCompile Include="3d\LightGroup.cpp">
      <Filter>ソース ファイル\Light</Filter>
    </ClCompile>
    <ClCompile Include="3d\Fbx.cpp">
      <Filter>ソース ファイル\3d</Filter>
    </ClCompile>
    <ClCompile Include="2d\Text.cpp">
      <Filter>ソース ファイル\2d</Filter>
    </ClCompile>
    <ClCompile Include="scene\BaseScene.cpp">
      <Filter>ソース ファイル\Scene</Filter>
    </ClCompile>
    <ClCompile Include="scene\EndScene.cpp">
      <Filter>ソース ファイル\Scene</Filter>
    </ClCompile>
    <ClCompile Include="FlameRate\FlameRate.cpp">
      <Filter>ソース ファイル\FlameRate</Filter>
    </ClCompile>
    <ClCompile Include="scene\SelectScene.cpp">
      <Filter>ソース ファイル\Scene</Filter>
    </ClCompile>
    <ClCompile Include="scene\TitleScene.cpp">
      <Filter>ソース ファイル\Scene</Filter>
    </ClCompile>
    <ClCompile Include="input\XinputControll.cpp">
      <Filter>ソース ファイル\Input</Filter>
    </ClCompile>
    <ClCompile Include="camera\MainCamera.cpp">
      <Filter>ソース ファイル\Camera</Filter>
    </ClCompile>
    <ClCompile Include="2d\PostEffect.cpp">
      <Filter>ソース ファイル\2d</Filter>
    </ClCompile>
    <ClCompile Include="dynamics\TexCollision.cpp">
      <Filter>ソース ファイル\Collision</Filter>
    </ClCompile>
    <ClCompile Include="Element\Object.cpp">
      <Filter>ソース ファイル\Element</Filter>
    </ClCompile>
    <ClCompile Include="manager\ObjectManager.cpp">
      <Filter>ソース ファイル\Manager</Filter>
    </ClCompile>
    <ClCompile Include="manager\ModelManager.cpp">
      <Filter>ソース ファイル\Manager</Filter>
    </ClCompile>
    <ClCompile Include="Element\Player.cpp">
      <Filter>ソース ファイル\Element</Filter>
    </ClCompile>
    <ClCompile Include="scene\IntervalScene.cpp">
      <Filter>ソース ファイル\Scene</Filter>
    </ClCompile>
    <ClCompile Include="camera\OrbitCamera.cpp">
      <Filter>ソース ファイル\Camera</Filter>
    </ClCompile>
    <ClCompile Include="manager\SceneManager.cpp">
      <Filter>ソース ファイル\Manager</Filter>
    </ClCompile>
    <ClCompile Include="scene\LoadScene.cpp">
      <Filter>ソース ファイル\Scene</Filter>
    </ClCompile>
    <ClCompile Include="Element\Enemy.cpp">
      <Filter>ソース ファイル\Element</Filter>
    </ClCompile>
    <ClCompile Include="Particle\Particle3D.cpp">
      <Filter>ソース ファイル\Particle</Filter>
    </ClCompile>
    <ClCompile Include="Particle\Gush.cpp">
      <Filter>ソース ファイル\Particle</Filter>
    </ClCompile>
    <ClCompile Include="json\StageDataStorage.cpp">
      <Filter>ソース ファイル\Data</Filter>
    </ClCompile>
    <ClCompile Include="Element\Crystal.cpp">
      <Filter>ソース ファイル\Element</Filter>
    </ClCompile>
    <ClCompile Include="camera\FixedCamera.cpp">
      <Filter>ソース ファイル\Camera</Filter>
    </ClCompile>
  </ItemGroup>
  <ItemGroup>
    <ClInclude Include="audio\Audio.h">
      <Filter>ヘッダー ファイル\Base</Filter>
    </ClInclude>
    <ClInclude Include="camera\Camera.h">
      <Filter>ヘッダー ファイル\Camera</Filter>
    </ClInclude>
    <ClInclude Include="camera\DebugCamera.h">
      <Filter>ヘッダー ファイル\Camera</Filter>
    </ClInclude>
    <ClInclude Include="2d\DebugText.h">
      <Filter>ヘッダー ファイル\2d</Filter>
    </ClInclude>
    <ClInclude Include="base\DirectXCommon.h">
      <Filter>ヘッダー ファイル\Base</Filter>
    </ClInclude>
    <ClInclude Include="3d\FbxLoader.h">
      <Filter>ヘッダー ファイル\3d</Filter>
    </ClInclude>
    <ClInclude Include="scene\GameScene.h">
      <Filter>ヘッダー ファイル\Scene</Filter>
    </ClInclude>
    <ClInclude Include="input\Input.h">
      <Filter>ヘッダー ファイル\Input</Filter>
    </ClInclude>
    <ClInclude Include="3d\FbxModel.h">
      <Filter>ヘッダー ファイル\3d</Filter>
    </ClInclude>
    <ClInclude Include="3d\ParticleManager.h">
      <Filter>ヘッダー ファイル\2d</Filter>
    </ClInclude>
    <ClInclude Include="SafeDelete.h">
      <Filter>ヘッダー ファイル\Base</Filter>
    </ClInclude>
    <ClInclude Include="2d\Sprite.h">
      <Filter>ヘッダー ファイル\2d</Filter>
    </ClInclude>
    <ClInclude Include="base\WinApp.h">
      <Filter>ヘッダー ファイル\Base</Filter>
    </ClInclude>
    <ClInclude Include="3d\CircleShadow.h">
      <Filter>ヘッダー ファイル\Light</Filter>
    </ClInclude>
    <ClInclude Include="3d\DirectionalLight.h">
      <Filter>ヘッダー ファイル\Light</Filter>
    </ClInclude>
    <ClInclude Include="3d\LightGroup.h">
      <Filter>ヘッダー ファイル\Light</Filter>
    </ClInclude>
    <ClInclude Include="3d\PointLight.h">
      <Filter>ヘッダー ファイル\Light</Filter>
    </ClInclude>
    <ClInclude Include="3d\SpotLight.h">
      <Filter>ヘッダー ファイル\Light</Filter>
    </ClInclude>
    <ClInclude Include="3d\Fbx.h">
      <Filter>ヘッダー ファイル\3d</Filter>
    </ClInclude>
    <ClInclude Include="2d\Text.h">
      <Filter>ヘッダー ファイル\2d</Filter>
    </ClInclude>
    <ClInclude Include="scene\BaseScene.h">
      <Filter>ヘッダー ファイル\Scene</Filter>
    </ClInclude>
    <ClInclude Include="scene\EndScene.h">
      <Filter>ヘッダー ファイル\Scene</Filter>
    </ClInclude>
    <ClInclude Include="FlameRate\FlameRate.h">
      <Filter>ヘッダー ファイル\FlameRate</Filter>
    </ClInclude>
    <ClInclude Include="scene\SelectScene.h">
      <Filter>ヘッダー ファイル\Scene</Filter>
    </ClInclude>
    <ClInclude Include="scene\TitleScene.h">
      <Filter>ヘッダー ファイル\Scene</Filter>
    </ClInclude>
    <ClInclude Include="input\XinputControll.h">
      <Filter>ヘッダー ファイル\Input</Filter>
    </ClInclude>
    <ClInclude Include="Element\Player.h">
      <Filter>ヘッダー ファイル\Element</Filter>
    </ClInclude>
    <ClInclude Include="camera\MainCamera.h">
      <Filter>ヘッダー ファイル\Camera</Filter>
    </ClInclude>
    <ClInclude Include="2d\PostEffect.h">
      <Filter>ヘッダー ファイル\2d</Filter>
    </ClInclude>
    <ClInclude Include="dynamics\TexCollision.h">
      <Filter>ヘッダー ファイル\Collision</Filter>
    </ClInclude>
    <ClInclude Include="Element\Object.h">
      <Filter>ヘッダー ファイル\Element</Filter>
    </ClInclude>
    <ClInclude Include="manager\ObjectManager.h">
      <Filter>ヘッダー ファイル\Manager</Filter>
    </ClInclude>
    <ClInclude Include="manager\ModelManager.h">
      <Filter>ヘッダー ファイル\Manager</Filter>
    </ClInclude>
    <ClInclude Include="scene\IntervalScene.h">
      <Filter>ヘッダー ファイル\Scene</Filter>
    </ClInclude>
    <ClInclude Include="camera\OrbitCamera.h">
      <Filter>ヘッダー ファイル\Camera</Filter>
    </ClInclude>
    <ClInclude Include="scene\LoadScene.h">
      <Filter>ヘッダー ファイル\Scene</Filter>
    </ClInclude>
    <ClInclude Include="manager\SceneManager.h">
      <Filter>ヘッダー ファイル\Manager</Filter>
    </ClInclude>
    <ClInclude Include="Element\Enemy.h">
      <Filter>ヘッダー ファイル\Element</Filter>
    </ClInclude>
    <ClInclude Include="Particle\Gush.h">
      <Filter>ヘッダー ファイル\Particle</Filter>
    </ClInclude>
    <ClInclude Include="Particle\Particle3D.h">
      <Filter>ヘッダー ファイル\Particle</Filter>
    </ClInclude>
    <ClInclude Include="json\StageDataStorage.h">
      <Filter>ヘッダー ファイル\Data</Filter>
    </ClInclude>
    <ClInclude Include="Element\Crystal.h">
      <Filter>ヘッダー ファイル\Element</Filter>
    </ClInclude>
    <ClInclude Include="camera\FixedCamera.h">
      <Filter>ヘッダー ファイル\Camera</Filter>
    </ClInclude>
  </ItemGroup>
  <ItemGroup>
    <FxCompile Include="Resources\shaders\ParticleGS.hlsl">
      <Filter>シェーダーファイル</Filter>
    </FxCompile>
    <FxCompile Include="Resources\shaders\ParticlePS.hlsl">
      <Filter>シェーダーファイル</Filter>
    </FxCompile>
    <FxCompile Include="Resources\shaders\ParticleVS.hlsl">
      <Filter>シェーダーファイル</Filter>
    </FxCompile>
    <FxCompile Include="Resources\shaders\SpritePS.hlsl">
      <Filter>シェーダーファイル</Filter>
    </FxCompile>
    <FxCompile Include="Resources\shaders\SpriteVS.hlsl">
      <Filter>シェーダーファイル</Filter>
    </FxCompile>
    <FxCompile Include="Resources\shaders\FBXPS.hlsl">
      <Filter>シェーダーファイル</Filter>
    </FxCompile>
    <FxCompile Include="Resources\shaders\FBXVS.hlsl">
      <Filter>シェーダーファイル</Filter>
    </FxCompile>
    <FxCompile Include="Resources\shaders\PostEffectTestPS.hlsl">
      <Filter>シェーダーファイル</Filter>
    </FxCompile>
    <FxCompile Include="Resources\shaders\PostEffectTestVS.hlsl">
      <Filter>シェーダーファイル</Filter>
    </FxCompile>
  </ItemGroup>
  <ItemGroup>
    <None Include="Resources\shaders\Particle.hlsli">
      <Filter>シェーダーファイル</Filter>
    </None>
    <None Include="Resources\shaders\Sprite.hlsli">
      <Filter>シェーダーファイル</Filter>
    </None>
    <None Include="Resources\shaders\FBX.hlsli">
      <Filter>シェーダーファイル</Filter>
    </None>
    <None Include="Resources\shaders\PostEffectTest.hlsli">
      <Filter>シェーダーファイル</Filter>
    </None>
  </ItemGroup>
</Project>